
Microsoft Visual Studio Solution File, Format Version 12.00
# Visual Studio 15
VisualStudioVersion = 15.0.28307.1000
MinimumVisualStudioVersion = 10.0.40219.1
Project("{FAE04EC0-301F-11D3-BF4B-00C04F79EFBC}") = "SHControls", "SHControls\SHControls.csproj", "{77C73572-AEC4-49BA-BCAB-761E43A4D6DA}"
EndProject
Global
	GlobalSection(SolutionConfigurationPlatforms) = preSolution
		Debug|Any CPU = Debug|Any CPU
		Release|Any CPU = Release|Any CPU
	EndGlobalSection
	GlobalSection(ProjectConfigurationPlatforms) = postSolution
		{77C73572-AEC4-49BA-BCAB-761E43A4D6DA}.Debug|Any CPU.ActiveCfg = Debug|Any CPU
		{77C73572-AEC4-49BA-BCAB-761E43A4D6DA}.Debug|Any CPU.Build.0 = Debug|Any CPU
		{77C73572-AEC4-49BA-BCAB-761E43A4D6DA}.Release|Any CPU.ActiveCfg = Release|Any CPU
		{77C73572-AEC4-49BA-BCAB-761E43A4D6DA}.Release|Any CPU.Build.0 = Release|Any CPU
	EndGlobalSection
	GlobalSection(SolutionProperties) = preSolution
		HideSolutionNode = FALSE
	EndGlobalSection
	GlobalSection(ExtensibilityGlobals) = postSolution
		SolutionGuid = {73A0A8BD-02DA-4FF5-9338-042826D2729C}
	EndGlobalSection
EndGlobal
